
Microsoft Visual Studio Solution File, Format Version 12.00
# Visual Studio Version 17
VisualStudioVersion = 17.5.002.0
MinimumVisualStudioVersion = 10.0.40219.1
Project("{9A19103F-16F7-4668-BE54-9A1E7A4F7556}") = "DistributedTracingDemo", "DistributedTracingDemo.csproj", "{354E922E-9630-4C17-B8E5-C49294969F5D}"
EndProject
Global
	GlobalSection(SolutionConfigurationPlatforms) = preSolution
		Debug|Any CPU = Debug|Any CPU
		Release|Any CPU = Release|Any CPU
	EndGlobalSection
	GlobalSection(ProjectConfigurationPlatforms) = postSolution
		{354E922E-9630-4C17-B8E5-C49294969F5D}.Debug|Any CPU.ActiveCfg = Debug|Any CPU
		{354E922E-9630-4C17-B8E5-C49294969F5D}.Debug|Any CPU.Build.0 = Debug|Any CPU
		{354E922E-9630-4C17-B8E5-C49294969F5D}.Release|Any CPU.ActiveCfg = Release|Any CPU
		{354E922E-9630-4C17-B8E5-C49294969F5D}.Release|Any CPU.Build.0 = Release|Any CPU
	EndGlobalSection
	GlobalSection(SolutionProperties) = preSolution
		HideSolutionNode = FALSE
	EndGlobalSection
	GlobalSection(ExtensibilityGlobals) = postSolution
		SolutionGuid = {2FF0C252-1359-4F4B-B95B-B714E3FDD6CA}
	EndGlobalSection
EndGlobal
